{
  "name": "hacknu-ktzh",
  "version": "1.0.0",
  "lockfileVersion": 3,
  "requires": true,
  "packages": {
    "": {
      "name": "hacknu-ktzh",
      "version": "1.0.0",
      "license": "ISC",
      "workspaces": [
        "services/*",
        "packages/*"
      ]
    },
    "node_modules/@hacknu-ktzh/health-engine": {
      "resolved": "packages/health-engine",
      "link": true
    },
    "node_modules/@hacknu-ktzh/shared-types": {
      "resolved": "packages/shared-types",
      "link": true
    },
    "packages/health-engine": {
      "name": "@hacknu-ktzh/health-engine",
      "version": "1.0.0",
      "license": "ISC"
    },
    "packages/shared-types": {
      "name": "@hacknu-ktzh/shared-types",
      "version": "1.0.0",
      "license": "ISC"
    }
  }
}
